github.com/michimani/gotwi v0.13.0 h1:zVVkibHLpP6Q3pg1/3rzuVcb+95p4TZchViW/ZE53/4=
github.com/michimani/gotwi v0.13.0/go.mod h1:2W7Xp7vgg7ZZFdwXYHwbr9gUCMaZc+ql+T8RpccbeQ4=
github.com/sashabaranov/go-openai v1.9.3 h1:uNak3Rn5pPsKRs9bdT7RqRZEyej/zdZOEI2/8wvrFtM=
github.com/sashabaranov/go-openai v1.9.3/go.mod h1:lj5b/K+zjTSFxVLijLSTDZuP7adOgerWeFyZLUhAKRg=
